
Microsoft Visual Studio Solution File, Format Version 12.00
# Visual Studio Version 16
VisualStudioVersion = 16.0.32413.511
MinimumVisualStudioVersion = 10.0.40219.1
Project("{9A19103F-16F7-4668-BE54-9A1E7A4F7556}") = "Head2Head", "Head2Head.csproj", "{8541332C-1BF5-42DF-B8F8-8EA472D19D7A}"
EndProject
Global
	GlobalSection(SolutionConfigurationPlatforms) = preSolution
		Debug|Any CPU = Debug|Any CPU
		Release|Any CPU = Release|Any CPU
	EndGlobalSection
	GlobalSection(ProjectConfigurationPlatforms) = postSolution
		{8541332C-1BF5-42DF-B8F8-8EA472D19D7A}.Debug|Any CPU.ActiveCfg = Debug|Any CPU
		{8541332C-1BF5-42DF-B8F8-8EA472D19D7A}.Debug|Any CPU.Build.0 = Debug|Any CPU
		{8541332C-1BF5-42DF-B8F8-8EA472D19D7A}.Release|Any CPU.ActiveCfg = Release|Any CPU
		{8541332C-1BF5-42DF-B8F8-8EA472D19D7A}.Release|Any CPU.Build.0 = Release|Any CPU
	EndGlobalSection
	GlobalSection(SolutionProperties) = preSolution
		HideSolutionNode = FALSE
	EndGlobalSection
	GlobalSection(ExtensibilityGlobals) = postSolution
		SolutionGuid = {1367B8C7-4867-49DF-BE58-A568EA9A6AB6}
	EndGlobalSection
EndGlobal
